
Microsoft Visual Studio Solution File, Format Version 12.00
# Visual Studio Version 17
VisualStudioVersion = 17.3.32922.545
MinimumVisualStudioVersion = 10.0.40219.1
Project("{9A19103F-16F7-4668-BE54-9A1E7A4F7556}") = "MenuLibrary", "MenuLibrary\MenuLibrary.csproj", "{C6CE012E-3AAC-49D4-8B93-855188CD4A66}"
EndProject
Project("{2150E333-8FDC-42A3-9474-1A3956D46DE8}") = "Github", "Github", "{EA5E0EA0-6D9F-4B50-9640-62CB4A1E7C0B}"
	ProjectSection(SolutionItems) = preProject
		.github\dependabot.yml = .github\dependabot.yml
	EndProjectSection
EndProject
Project("{2150E333-8FDC-42A3-9474-1A3956D46DE8}") = "workflows", "workflows", "{028993AA-15F2-4EAC-B4DF-8BBF1796279C}"
	ProjectSection(SolutionItems) = preProject
		.github\workflows\dotnet.yml = .github\workflows\dotnet.yml
		.github\workflows\label.yml = .github\workflows\label.yml
	EndProjectSection
EndProject
Project("{2150E333-8FDC-42A3-9474-1A3956D46DE8}") = "Solution Items", "Solution Items", "{285425FD-0FA1-493B-B0A6-6697EB819982}"
	ProjectSection(SolutionItems) = preProject
		.gitignore = .gitignore
		LICENSE.txt = LICENSE.txt
		README.md = README.md
		SECURITY.md = SECURITY.md
	EndProjectSection
EndProject
Project("{2150E333-8FDC-42A3-9474-1A3956D46DE8}") = "NPM", "NPM", "{3BAEE8FF-F133-4BA2-9AD9-E5BF534FA689}"
	ProjectSection(SolutionItems) = preProject
		gulpfile.js = gulpfile.js
		package-lock.json = package-lock.json
		package.json = package.json
	EndProjectSection
EndProject
Project("{FAE04EC0-301F-11D3-BF4B-00C04F79EFBC}") = "MenuLibraryTest", "MenuLibraryTest\MenuLibraryTest.csproj", "{7DC5EA0A-02D5-4C20-97EC-2A634C14B7E2}"
EndProject
Global
	GlobalSection(SolutionConfigurationPlatforms) = preSolution
		Debug|Any CPU = Debug|Any CPU
		Release|Any CPU = Release|Any CPU
	EndGlobalSection
	GlobalSection(ProjectConfigurationPlatforms) = postSolution
		{C6CE012E-3AAC-49D4-8B93-855188CD4A66}.Debug|Any CPU.ActiveCfg = Debug|Any CPU
		{C6CE012E-3AAC-49D4-8B93-855188CD4A66}.Debug|Any CPU.Build.0 = Debug|Any CPU
		{C6CE012E-3AAC-49D4-8B93-855188CD4A66}.Release|Any CPU.ActiveCfg = Release|Any CPU
		{C6CE012E-3AAC-49D4-8B93-855188CD4A66}.Release|Any CPU.Build.0 = Release|Any CPU
		{7DC5EA0A-02D5-4C20-97EC-2A634C14B7E2}.Debug|Any CPU.ActiveCfg = Debug|Any CPU
		{7DC5EA0A-02D5-4C20-97EC-2A634C14B7E2}.Debug|Any CPU.Build.0 = Debug|Any CPU
		{7DC5EA0A-02D5-4C20-97EC-2A634C14B7E2}.Release|Any CPU.ActiveCfg = Release|Any CPU
		{7DC5EA0A-02D5-4C20-97EC-2A634C14B7E2}.Release|Any CPU.Build.0 = Release|Any CPU
	EndGlobalSection
	GlobalSection(SolutionProperties) = preSolution
		HideSolutionNode = FALSE
	EndGlobalSection
	GlobalSection(NestedProjects) = preSolution
		{028993AA-15F2-4EAC-B4DF-8BBF1796279C} = {EA5E0EA0-6D9F-4B50-9640-62CB4A1E7C0B}
	EndGlobalSection
	GlobalSection(ExtensibilityGlobals) = postSolution
		SolutionGuid = {7CF6F3C5-0B6A-499A-934A-BB25AB6FD16A}
	EndGlobalSection
EndGlobal
